
Microsoft Visual Studio Solution File, Format Version 12.00
# Visual Studio Version 16
VisualStudioVersion = 16.0.30011.22
MinimumVisualStudioVersion = 10.0.40219.1
Project("{FAE04EC0-301F-11D3-BF4B-00C04F79EFBC}") = "MoveBlock", "MoveBlock.csproj", "{5AB19451-2813-4EC1-91C5-0FE0018AFBED}"
EndProject
Global
	GlobalSection(SolutionConfigurationPlatforms) = preSolution
		Debug|Any CPU = Debug|Any CPU
		Release|Any CPU = Release|Any CPU
	EndGlobalSection
	GlobalSection(ProjectConfigurationPlatforms) = postSolution
		{5AB19451-2813-4EC1-91C5-0FE0018AFBED}.Debug|Any CPU.ActiveCfg = Debug|Any CPU
		{5AB19451-2813-4EC1-91C5-0FE0018AFBED}.Debug|Any CPU.Build.0 = Debug|Any CPU
		{5AB19451-2813-4EC1-91C5-0FE0018AFBED}.Release|Any CPU.ActiveCfg = Release|Any CPU
		{5AB19451-2813-4EC1-91C5-0FE0018AFBED}.Release|Any CPU.Build.0 = Release|Any CPU
	EndGlobalSection
	GlobalSection(SolutionProperties) = preSolution
		HideSolutionNode = FALSE
	EndGlobalSection
	GlobalSection(ExtensibilityGlobals) = postSolution
		SolutionGuid = {F1338F24-5547-410B-9829-CC46EF1A8FDA}
	EndGlobalSection
EndGlobal
